
Microsoft Visual Studio Solution File, Format Version 12.00
# Visual Studio Version 16
VisualStudioVersion = 16.0.30717.126
MinimumVisualStudioVersion = 10.0.40219.1
Project("{FAE04EC0-301F-11D3-BF4B-00C04F79EFBC}") = "RegMonApp", "RegMonApp\RegMonApp.csproj", "{951ED9C6-5C8F-4EE1-80AA-CB03887915AD}"
EndProject
Project("{FAE04EC0-301F-11D3-BF4B-00C04F79EFBC}") = "RegistryValueMonitorService", "RegistryValueMonitorService\RegistryValueMonitorService.csproj", "{671983AC-51E1-4DE2-9BFE-88531BC77519}"
EndProject
Project("{FAE04EC0-301F-11D3-BF4B-00C04F79EFBC}") = "LibRegMon", "LibRegMon\LibRegMon.csproj", "{B1D7DB63-9587-4BC7-9355-A3DAD9F4985F}"
EndProject
Global
	GlobalSection(SolutionConfigurationPlatforms) = preSolution
		Debug|Any CPU = Debug|Any CPU
		Release|Any CPU = Release|Any CPU
	EndGlobalSection
	GlobalSection(ProjectConfigurationPlatforms) = postSolution
		{951ED9C6-5C8F-4EE1-80AA-CB03887915AD}.Debug|Any CPU.ActiveCfg = Debug|Any CPU
		{951ED9C6-5C8F-4EE1-80AA-CB03887915AD}.Debug|Any CPU.Build.0 = Debug|Any CPU
		{951ED9C6-5C8F-4EE1-80AA-CB03887915AD}.Release|Any CPU.ActiveCfg = Release|Any CPU
		{951ED9C6-5C8F-4EE1-80AA-CB03887915AD}.Release|Any CPU.Build.0 = Release|Any CPU
		{671983AC-51E1-4DE2-9BFE-88531BC77519}.Debug|Any CPU.ActiveCfg = Debug|Any CPU
		{671983AC-51E1-4DE2-9BFE-88531BC77519}.Debug|Any CPU.Build.0 = Debug|Any CPU
		{671983AC-51E1-4DE2-9BFE-88531BC77519}.Release|Any CPU.ActiveCfg = Release|Any CPU
		{671983AC-51E1-4DE2-9BFE-88531BC77519}.Release|Any CPU.Build.0 = Release|Any CPU
		{B1D7DB63-9587-4BC7-9355-A3DAD9F4985F}.Debug|Any CPU.ActiveCfg = Debug|Any CPU
		{B1D7DB63-9587-4BC7-9355-A3DAD9F4985F}.Debug|Any CPU.Build.0 = Debug|Any CPU
		{B1D7DB63-9587-4BC7-9355-A3DAD9F4985F}.Release|Any CPU.ActiveCfg = Release|Any CPU
		{B1D7DB63-9587-4BC7-9355-A3DAD9F4985F}.Release|Any CPU.Build.0 = Release|Any CPU
	EndGlobalSection
	GlobalSection(SolutionProperties) = preSolution
		HideSolutionNode = FALSE
	EndGlobalSection
	GlobalSection(ExtensibilityGlobals) = postSolution
		SolutionGuid = {1BBAAC96-5EC3-4C72-955D-9048F9732803}
	EndGlobalSection
EndGlobal
